
Microsoft Visual Studio Solution File, Format Version 12.00
# Visual Studio Version 16
VisualStudioVersion = 16.0.31129.286
MinimumVisualStudioVersion = 10.0.40219.1
Project("{FAE04EC0-301F-11D3-BF4B-00C04F79EFBC}") = "EmployeeProject", "EmployeeProject\EmployeeProject.csproj", "{7885A85A-139A-4C81-A6E0-EF18499A11F7}"
EndProject
Project("{FAE04EC0-301F-11D3-BF4B-00C04F79EFBC}") = "EmployeeTest", "EmployeeTest\EmployeeTest.csproj", "{03F8FA5B-AFE9-43AC-A57A-B9803471B039}"
EndProject
Global
	GlobalSection(SolutionConfigurationPlatforms) = preSolution
		Debug|Any CPU = Debug|Any CPU
		Release|Any CPU = Release|Any CPU
	EndGlobalSection
	GlobalSection(ProjectConfigurationPlatforms) = postSolution
		{7885A85A-139A-4C81-A6E0-EF18499A11F7}.Debug|Any CPU.ActiveCfg = Debug|Any CPU
		{7885A85A-139A-4C81-A6E0-EF18499A11F7}.Debug|Any CPU.Build.0 = Debug|Any CPU
		{7885A85A-139A-4C81-A6E0-EF18499A11F7}.Release|Any CPU.ActiveCfg = Release|Any CPU
		{7885A85A-139A-4C81-A6E0-EF18499A11F7}.Release|Any CPU.Build.0 = Release|Any CPU
		{03F8FA5B-AFE9-43AC-A57A-B9803471B039}.Debug|Any CPU.ActiveCfg = Debug|Any CPU
		{03F8FA5B-AFE9-43AC-A57A-B9803471B039}.Debug|Any CPU.Build.0 = Debug|Any CPU
		{03F8FA5B-AFE9-43AC-A57A-B9803471B039}.Release|Any CPU.ActiveCfg = Release|Any CPU
		{03F8FA5B-AFE9-43AC-A57A-B9803471B039}.Release|Any CPU.Build.0 = Release|Any CPU
	EndGlobalSection
	GlobalSection(SolutionProperties) = preSolution
		HideSolutionNode = FALSE
	EndGlobalSection
	GlobalSection(ExtensibilityGlobals) = postSolution
		SolutionGuid = {E12F7292-912B-46E6-9125-58BC6B09D24D}
	EndGlobalSection
EndGlobal
